
Microsoft Visual Studio Solution File, Format Version 12.00
# Visual Studio 15
VisualStudioVersion = 15.0.28307.852
MinimumVisualStudioVersion = 10.0.40219.1
Project("{FAE04EC0-301F-11D3-BF4B-00C04F79EFBC}") = "CoreChat", "CoreChat\CoreChat.csproj", "{703A31A2-756F-47F5-AEC6-E9E9A7A4A3EF}"
EndProject
Global
	GlobalSection(SolutionConfigurationPlatforms) = preSolution
		Debug|Any CPU = Debug|Any CPU
		Release|Any CPU = Release|Any CPU
	EndGlobalSection
	GlobalSection(ProjectConfigurationPlatforms) = postSolution
		{703A31A2-756F-47F5-AEC6-E9E9A7A4A3EF}.Debug|Any CPU.ActiveCfg = Debug|Any CPU
		{703A31A2-756F-47F5-AEC6-E9E9A7A4A3EF}.Debug|Any CPU.Build.0 = Debug|Any CPU
		{703A31A2-756F-47F5-AEC6-E9E9A7A4A3EF}.Release|Any CPU.ActiveCfg = Release|Any CPU
		{703A31A2-756F-47F5-AEC6-E9E9A7A4A3EF}.Release|Any CPU.Build.0 = Release|Any CPU
	EndGlobalSection
	GlobalSection(SolutionProperties) = preSolution
		HideSolutionNode = FALSE
	EndGlobalSection
	GlobalSection(ExtensibilityGlobals) = postSolution
		SolutionGuid = {3A2E939E-4EA0-4CB2-BE1C-D15CBEB5402A}
	EndGlobalSection
EndGlobal
